
Microsoft Visual Studio Solution File, Format Version 12.00
# Visual Studio 15
VisualStudioVersion = 15.0.27130.2003
MinimumVisualStudioVersion = 10.0.40219.1
Project("{9A19103F-16F7-4668-BE54-9A1E7A4F7556}") = "Cimob", "Cimob\Cimob.csproj", "{0DA22D88-8748-4761-9665-5A88541E1A31}"
EndProject
Global
	GlobalSection(SolutionConfigurationPlatforms) = preSolution
		Debug|Any CPU = Debug|Any CPU
		Release|Any CPU = Release|Any CPU
	EndGlobalSection
	GlobalSection(ProjectConfigurationPlatforms) = postSolution
		{0DA22D88-8748-4761-9665-5A88541E1A31}.Debug|Any CPU.ActiveCfg = Debug|Any CPU
		{0DA22D88-8748-4761-9665-5A88541E1A31}.Debug|Any CPU.Build.0 = Debug|Any CPU
		{0DA22D88-8748-4761-9665-5A88541E1A31}.Release|Any CPU.ActiveCfg = Release|Any CPU
		{0DA22D88-8748-4761-9665-5A88541E1A31}.Release|Any CPU.Build.0 = Release|Any CPU
	EndGlobalSection
	GlobalSection(SolutionProperties) = preSolution
		HideSolutionNode = FALSE
	EndGlobalSection
	GlobalSection(ExtensibilityGlobals) = postSolution
		SolutionGuid = {699C5C8B-E014-4B0E-9946-A2DF9ED3EFC5}
	EndGlobalSection
EndGlobal
